
Microsoft Visual Studio Solution File, Format Version 12.00
# Visual Studio 15
VisualStudioVersion = 15.0.28307.645
MinimumVisualStudioVersion = 10.0.40219.1
Project("{FAE04EC0-301F-11D3-BF4B-00C04F79EFBC}") = "EMS.View", "EMS.View\EMS.View.csproj", "{CE3402D8-F6E2-4761-A47D-DB6F2677485D}"
EndProject
Project("{FAE04EC0-301F-11D3-BF4B-00C04F79EFBC}") = "EMS.Entity", "EMS.Entity\EMS.Entity.csproj", "{B1ACF733-D5BF-4529-A837-AD9762809A4C}"
EndProject
Project("{FAE04EC0-301F-11D3-BF4B-00C04F79EFBC}") = "EMS.Data", "EMS.Data\EMS.Data.csproj", "{EE7F9401-480C-48D0-840C-10A145064929}"
EndProject
Project("{FAE04EC0-301F-11D3-BF4B-00C04F79EFBC}") = "EMS.Logic", "EMS.Logic\EMS.Logic.csproj", "{700FE45E-8552-4EAC-B06E-06FF4E704F8D}"
EndProject
Project("{FAE04EC0-301F-11D3-BF4B-00C04F79EFBC}") = "EMS.LogicTests", "EMS.LogicTests\EMS.LogicTests.csproj", "{C2A70EAD-C40B-40C9-9710-AD06D2F52458}"
EndProject
Global
	GlobalSection(SolutionConfigurationPlatforms) = preSolution
		Debug|Any CPU = Debug|Any CPU
		Release|Any CPU = Release|Any CPU
	EndGlobalSection
	GlobalSection(ProjectConfigurationPlatforms) = postSolution
		{CE3402D8-F6E2-4761-A47D-DB6F2677485D}.Debug|Any CPU.ActiveCfg = Debug|Any CPU
		{CE3402D8-F6E2-4761-A47D-DB6F2677485D}.Debug|Any CPU.Build.0 = Debug|Any CPU
		{CE3402D8-F6E2-4761-A47D-DB6F2677485D}.Release|Any CPU.ActiveCfg = Release|Any CPU
		{CE3402D8-F6E2-4761-A47D-DB6F2677485D}.Release|Any CPU.Build.0 = Release|Any CPU
		{B1ACF733-D5BF-4529-A837-AD9762809A4C}.Debug|Any CPU.ActiveCfg = Debug|Any CPU
		{B1ACF733-D5BF-4529-A837-AD9762809A4C}.Debug|Any CPU.Build.0 = Debug|Any CPU
		{B1ACF733-D5BF-4529-A837-AD9762809A4C}.Release|Any CPU.ActiveCfg = Release|Any CPU
		{B1ACF733-D5BF-4529-A837-AD9762809A4C}.Release|Any CPU.Build.0 = Release|Any CPU
		{EE7F9401-480C-48D0-840C-10A145064929}.Debug|Any CPU.ActiveCfg = Debug|Any CPU
		{EE7F9401-480C-48D0-840C-10A145064929}.Debug|Any CPU.Build.0 = Debug|Any CPU
		{EE7F9401-480C-48D0-840C-10A145064929}.Release|Any CPU.ActiveCfg = Release|Any CPU
		{EE7F9401-480C-48D0-840C-10A145064929}.Release|Any CPU.Build.0 = Release|Any CPU
		{700FE45E-8552-4EAC-B06E-06FF4E704F8D}.Debug|Any CPU.ActiveCfg = Debug|Any CPU
		{700FE45E-8552-4EAC-B06E-06FF4E704F8D}.Debug|Any CPU.Build.0 = Debug|Any CPU
		{700FE45E-8552-4EAC-B06E-06FF4E704F8D}.Release|Any CPU.ActiveCfg = Release|Any CPU
		{700FE45E-8552-4EAC-B06E-06FF4E704F8D}.Release|Any CPU.Build.0 = Release|Any CPU
		{C2A70EAD-C40B-40C9-9710-AD06D2F52458}.Debug|Any CPU.ActiveCfg = Debug|Any CPU
		{C2A70EAD-C40B-40C9-9710-AD06D2F52458}.Debug|Any CPU.Build.0 = Debug|Any CPU
		{C2A70EAD-C40B-40C9-9710-AD06D2F52458}.Release|Any CPU.ActiveCfg = Release|Any CPU
		{C2A70EAD-C40B-40C9-9710-AD06D2F52458}.Release|Any CPU.Build.0 = Release|Any CPU
	EndGlobalSection
	GlobalSection(SolutionProperties) = preSolution
		HideSolutionNode = FALSE
	EndGlobalSection
	GlobalSection(ExtensibilityGlobals) = postSolution
		SolutionGuid = {1C544BF2-D421-4758-B3A2-D676F5A203B8}
	EndGlobalSection
EndGlobal
